
Microsoft Visual Studio Solution File, Format Version 12.00
# Visual Studio Version 16
VisualStudioVersion = 16.0.33927.289
MinimumVisualStudioVersion = 10.0.40219.1
Project("{FAE04EC0-301F-11D3-BF4B-00C04F79EFBC}") = "RemotingServer", "RemotingServer.csproj", "{CF8C84D7-C204-4F56-9955-601B9EA3240E}"
EndProject
Global
	GlobalSection(SolutionConfigurationPlatforms) = preSolution
		Debug|Any CPU = Debug|Any CPU
		Release|Any CPU = Release|Any CPU
	EndGlobalSection
	GlobalSection(ProjectConfigurationPlatforms) = postSolution
		{CF8C84D7-C204-4F56-9955-601B9EA3240E}.Debug|Any CPU.ActiveCfg = Debug|Any CPU
		{CF8C84D7-C204-4F56-9955-601B9EA3240E}.Debug|Any CPU.Build.0 = Debug|Any CPU
		{CF8C84D7-C204-4F56-9955-601B9EA3240E}.Release|Any CPU.ActiveCfg = Release|Any CPU
		{CF8C84D7-C204-4F56-9955-601B9EA3240E}.Release|Any CPU.Build.0 = Release|Any CPU
	EndGlobalSection
	GlobalSection(SolutionProperties) = preSolution
		HideSolutionNode = FALSE
	EndGlobalSection
	GlobalSection(ExtensibilityGlobals) = postSolution
		SolutionGuid = {81A440EB-E444-448D-80A3-5655D1AB4190}
	EndGlobalSection
EndGlobal
