
Microsoft Visual Studio Solution File, Format Version 12.00
# Visual Studio Version 16
VisualStudioVersion = 16.0.33927.289
MinimumVisualStudioVersion = 10.0.40219.1
Project("{FAE04EC0-301F-11D3-BF4B-00C04F79EFBC}") = "Code Test-3", "Code Test-3.csproj", "{DAC2315B-0650-4265-BAEE-F48CCA928841}"
EndProject
Global
	GlobalSection(SolutionConfigurationPlatforms) = preSolution
		Debug|Any CPU = Debug|Any CPU
		Release|Any CPU = Release|Any CPU
	EndGlobalSection
	GlobalSection(ProjectConfigurationPlatforms) = postSolution
		{DAC2315B-0650-4265-BAEE-F48CCA928841}.Debug|Any CPU.ActiveCfg = Debug|Any CPU
		{DAC2315B-0650-4265-BAEE-F48CCA928841}.Debug|Any CPU.Build.0 = Debug|Any CPU
		{DAC2315B-0650-4265-BAEE-F48CCA928841}.Release|Any CPU.ActiveCfg = Release|Any CPU
		{DAC2315B-0650-4265-BAEE-F48CCA928841}.Release|Any CPU.Build.0 = Release|Any CPU
	EndGlobalSection
	GlobalSection(SolutionProperties) = preSolution
		HideSolutionNode = FALSE
	EndGlobalSection
	GlobalSection(ExtensibilityGlobals) = postSolution
		SolutionGuid = {BFBF9137-6BD9-4EE6-B95B-C1B25EE2B05B}
	EndGlobalSection
EndGlobal
