
Microsoft Visual Studio Solution File, Format Version 12.00
# Visual Studio Version 16
VisualStudioVersion = 16.0.33927.289
MinimumVisualStudioVersion = 10.0.40219.1
Project("{FAE04EC0-301F-11D3-BF4B-00C04F79EFBC}") = "CodeBase_Test", "CodeBase_Test.csproj", "{E743827F-0419-4E21-8C48-8FE0C841FA16}"
EndProject
Global
	GlobalSection(SolutionConfigurationPlatforms) = preSolution
		Debug|Any CPU = Debug|Any CPU
		Release|Any CPU = Release|Any CPU
	EndGlobalSection
	GlobalSection(ProjectConfigurationPlatforms) = postSolution
		{E743827F-0419-4E21-8C48-8FE0C841FA16}.Debug|Any CPU.ActiveCfg = Debug|Any CPU
		{E743827F-0419-4E21-8C48-8FE0C841FA16}.Debug|Any CPU.Build.0 = Debug|Any CPU
		{E743827F-0419-4E21-8C48-8FE0C841FA16}.Release|Any CPU.ActiveCfg = Release|Any CPU
		{E743827F-0419-4E21-8C48-8FE0C841FA16}.Release|Any CPU.Build.0 = Release|Any CPU
	EndGlobalSection
	GlobalSection(SolutionProperties) = preSolution
		HideSolutionNode = FALSE
	EndGlobalSection
	GlobalSection(ExtensibilityGlobals) = postSolution
		SolutionGuid = {5C77E70D-80E1-4ED9-AE1A-A62ECDE77C67}
	EndGlobalSection
EndGlobal
