
Microsoft Visual Studio Solution File, Format Version 12.00
# Visual Studio Version 16
VisualStudioVersion = 16.0.33927.289
MinimumVisualStudioVersion = 10.0.40219.1
Project("{FAE04EC0-301F-11D3-BF4B-00C04F79EFBC}") = "ASSIGNMENT-5", "ASSIGNMENT-5.csproj", "{A5FADF89-D1FB-4607-8DE5-28C63DBDC76F}"
EndProject
Global
	GlobalSection(SolutionConfigurationPlatforms) = preSolution
		Debug|Any CPU = Debug|Any CPU
		Release|Any CPU = Release|Any CPU
	EndGlobalSection
	GlobalSection(ProjectConfigurationPlatforms) = postSolution
		{A5FADF89-D1FB-4607-8DE5-28C63DBDC76F}.Debug|Any CPU.ActiveCfg = Debug|Any CPU
		{A5FADF89-D1FB-4607-8DE5-28C63DBDC76F}.Debug|Any CPU.Build.0 = Debug|Any CPU
		{A5FADF89-D1FB-4607-8DE5-28C63DBDC76F}.Release|Any CPU.ActiveCfg = Release|Any CPU
		{A5FADF89-D1FB-4607-8DE5-28C63DBDC76F}.Release|Any CPU.Build.0 = Release|Any CPU
	EndGlobalSection
	GlobalSection(SolutionProperties) = preSolution
		HideSolutionNode = FALSE
	EndGlobalSection
	GlobalSection(ExtensibilityGlobals) = postSolution
		SolutionGuid = {3BFF6B26-4C91-4837-ACC3-0CF87DEA5E34}
	EndGlobalSection
EndGlobal
