
Microsoft Visual Studio Solution File, Format Version 12.00
# Visual Studio Version 16
VisualStudioVersion = 16.0.33927.289
MinimumVisualStudioVersion = 10.0.40219.1
Project("{FAE04EC0-301F-11D3-BF4B-00C04F79EFBC}") = "ConsoleApp1", "ConsoleApp1.csproj", "{ABBE3212-4718-4388-B796-9DB12A1E3F2F}"
EndProject
Global
	GlobalSection(SolutionConfigurationPlatforms) = preSolution
		Debug|Any CPU = Debug|Any CPU
		Release|Any CPU = Release|Any CPU
	EndGlobalSection
	GlobalSection(ProjectConfigurationPlatforms) = postSolution
		{ABBE3212-4718-4388-B796-9DB12A1E3F2F}.Debug|Any CPU.ActiveCfg = Debug|Any CPU
		{ABBE3212-4718-4388-B796-9DB12A1E3F2F}.Debug|Any CPU.Build.0 = Debug|Any CPU
		{ABBE3212-4718-4388-B796-9DB12A1E3F2F}.Release|Any CPU.ActiveCfg = Release|Any CPU
		{ABBE3212-4718-4388-B796-9DB12A1E3F2F}.Release|Any CPU.Build.0 = Release|Any CPU
	EndGlobalSection
	GlobalSection(SolutionProperties) = preSolution
		HideSolutionNode = FALSE
	EndGlobalSection
	GlobalSection(ExtensibilityGlobals) = postSolution
		SolutionGuid = {0736D2E1-305B-4EBF-ABF6-F955E249F46B}
	EndGlobalSection
EndGlobal
