
Microsoft Visual Studio Solution File, Format Version 12.00
# Visual Studio Version 16
VisualStudioVersion = 16.0.33927.289
MinimumVisualStudioVersion = 10.0.40219.1
Project("{FAE04EC0-301F-11D3-BF4B-00C04F79EFBC}") = "CaseStudy_3", "CaseStudy_3.csproj", "{8A3EA86C-EA33-4309-B102-417B04476701}"
EndProject
Global
	GlobalSection(SolutionConfigurationPlatforms) = preSolution
		Debug|Any CPU = Debug|Any CPU
		Release|Any CPU = Release|Any CPU
	EndGlobalSection
	GlobalSection(ProjectConfigurationPlatforms) = postSolution
		{8A3EA86C-EA33-4309-B102-417B04476701}.Debug|Any CPU.ActiveCfg = Debug|Any CPU
		{8A3EA86C-EA33-4309-B102-417B04476701}.Debug|Any CPU.Build.0 = Debug|Any CPU
		{8A3EA86C-EA33-4309-B102-417B04476701}.Release|Any CPU.ActiveCfg = Release|Any CPU
		{8A3EA86C-EA33-4309-B102-417B04476701}.Release|Any CPU.Build.0 = Release|Any CPU
	EndGlobalSection
	GlobalSection(SolutionProperties) = preSolution
		HideSolutionNode = FALSE
	EndGlobalSection
	GlobalSection(ExtensibilityGlobals) = postSolution
		SolutionGuid = {0935CA3C-6973-4D88-B1F7-6886FFFA2185}
	EndGlobalSection
EndGlobal
