
Microsoft Visual Studio Solution File, Format Version 12.00
# Visual Studio Version 16
VisualStudioVersion = 16.0.33927.289
MinimumVisualStudioVersion = 10.0.40219.1
Project("{FAE04EC0-301F-11D3-BF4B-00C04F79EFBC}") = "Case Study-1", "Case Study-1.csproj", "{201A8643-AD91-48B6-BB7B-BE854D595684}"
EndProject
Global
	GlobalSection(SolutionConfigurationPlatforms) = preSolution
		Debug|Any CPU = Debug|Any CPU
		Release|Any CPU = Release|Any CPU
	EndGlobalSection
	GlobalSection(ProjectConfigurationPlatforms) = postSolution
		{201A8643-AD91-48B6-BB7B-BE854D595684}.Debug|Any CPU.ActiveCfg = Debug|Any CPU
		{201A8643-AD91-48B6-BB7B-BE854D595684}.Debug|Any CPU.Build.0 = Debug|Any CPU
		{201A8643-AD91-48B6-BB7B-BE854D595684}.Release|Any CPU.ActiveCfg = Release|Any CPU
		{201A8643-AD91-48B6-BB7B-BE854D595684}.Release|Any CPU.Build.0 = Release|Any CPU
	EndGlobalSection
	GlobalSection(SolutionProperties) = preSolution
		HideSolutionNode = FALSE
	EndGlobalSection
	GlobalSection(ExtensibilityGlobals) = postSolution
		SolutionGuid = {1F8CFC22-B5C9-4E0B-AE02-C33FF2BC5FFC}
	EndGlobalSection
EndGlobal
