
Microsoft Visual Studio Solution File, Format Version 12.00
# Visual Studio Version 16
VisualStudioVersion = 16.0.33927.289
MinimumVisualStudioVersion = 10.0.40219.1
Project("{FAE04EC0-301F-11D3-BF4B-00C04F79EFBC}") = "CaseStudy_2", "CaseStudy_2.csproj", "{EDC959E0-1E86-4754-8F36-32CAE71892C0}"
EndProject
Global
	GlobalSection(SolutionConfigurationPlatforms) = preSolution
		Debug|Any CPU = Debug|Any CPU
		Release|Any CPU = Release|Any CPU
	EndGlobalSection
	GlobalSection(ProjectConfigurationPlatforms) = postSolution
		{EDC959E0-1E86-4754-8F36-32CAE71892C0}.Debug|Any CPU.ActiveCfg = Debug|Any CPU
		{EDC959E0-1E86-4754-8F36-32CAE71892C0}.Debug|Any CPU.Build.0 = Debug|Any CPU
		{EDC959E0-1E86-4754-8F36-32CAE71892C0}.Release|Any CPU.ActiveCfg = Release|Any CPU
		{EDC959E0-1E86-4754-8F36-32CAE71892C0}.Release|Any CPU.Build.0 = Release|Any CPU
	EndGlobalSection
	GlobalSection(SolutionProperties) = preSolution
		HideSolutionNode = FALSE
	EndGlobalSection
	GlobalSection(ExtensibilityGlobals) = postSolution
		SolutionGuid = {E0C30374-CAB6-40DB-BC90-CC2B75F328A8}
	EndGlobalSection
EndGlobal
